
Microsoft Visual Studio Solution File, Format Version 12.00
# Visual Studio Version 16
VisualStudioVersion = 16.0.31129.286
MinimumVisualStudioVersion = 10.0.40219.1
Project("{FAE04EC0-301F-11D3-BF4B-00C04F79EFBC}") = "MeterReading", "MeterReading.csproj", "{FBE33967-FFC0-4BD1-9F81-FAABC9A63141}"
EndProject
Global
	GlobalSection(SolutionConfigurationPlatforms) = preSolution
		Debug|Any CPU = Debug|Any CPU
		Release|Any CPU = Release|Any CPU
	EndGlobalSection
	GlobalSection(ProjectConfigurationPlatforms) = postSolution
		{FBE33967-FFC0-4BD1-9F81-FAABC9A63141}.Debug|Any CPU.ActiveCfg = Debug|Any CPU
		{FBE33967-FFC0-4BD1-9F81-FAABC9A63141}.Debug|Any CPU.Build.0 = Debug|Any CPU
		{FBE33967-FFC0-4BD1-9F81-FAABC9A63141}.Release|Any CPU.ActiveCfg = Release|Any CPU
		{FBE33967-FFC0-4BD1-9F81-FAABC9A63141}.Release|Any CPU.Build.0 = Release|Any CPU
	EndGlobalSection
	GlobalSection(SolutionProperties) = preSolution
		HideSolutionNode = FALSE
	EndGlobalSection
	GlobalSection(ExtensibilityGlobals) = postSolution
		SolutionGuid = {28DB897A-CA77-41F2-A079-104FAE429895}
	EndGlobalSection
EndGlobal
